
Microsoft Visual Studio Solution File, Format Version 12.00
# Visual Studio 15
VisualStudioVersion = 15.0.28010.2046
MinimumVisualStudioVersion = 10.0.40219.1
Project("{FAE04EC0-301F-11D3-BF4B-00C04F79EFBC}") = "Notatnik", "Notatnik\Notatnik.csproj", "{A987751D-C6E5-4E70-A7C5-F3AD8721E818}"
EndProject
Global
	GlobalSection(SolutionConfigurationPlatforms) = preSolution
		Debug|Any CPU = Debug|Any CPU
		Release|Any CPU = Release|Any CPU
	EndGlobalSection
	GlobalSection(ProjectConfigurationPlatforms) = postSolution
		{A987751D-C6E5-4E70-A7C5-F3AD8721E818}.Debug|Any CPU.ActiveCfg = Debug|Any CPU
		{A987751D-C6E5-4E70-A7C5-F3AD8721E818}.Debug|Any CPU.Build.0 = Debug|Any CPU
		{A987751D-C6E5-4E70-A7C5-F3AD8721E818}.Release|Any CPU.ActiveCfg = Release|Any CPU
		{A987751D-C6E5-4E70-A7C5-F3AD8721E818}.Release|Any CPU.Build.0 = Release|Any CPU
	EndGlobalSection
	GlobalSection(SolutionProperties) = preSolution
		HideSolutionNode = FALSE
	EndGlobalSection
	GlobalSection(ExtensibilityGlobals) = postSolution
		SolutionGuid = {CEC5CB8E-BC0D-4898-BA0E-6CB77C26A419}
	EndGlobalSection
EndGlobal
